
Microsoft Visual Studio Solution File, Format Version 12.00
# Visual Studio 15
VisualStudioVersion = 15.0.27428.2027
MinimumVisualStudioVersion = 10.0.40219.1
Project("{8BC9CEB8-8B4A-11D0-8D11-00A0C91BC942}") = "chuan", "chuan.vcxproj", "{44327895-E673-49FB-BC35-61DA2061C3CB}"
EndProject
Global
	GlobalSection(SolutionConfigurationPlatforms) = preSolution
		Debug|x64 = Debug|x64
		Debug|x86 = Debug|x86
		Release|x64 = Release|x64
		Release|x86 = Release|x86
	EndGlobalSection
	GlobalSection(ProjectConfigurationPlatforms) = postSolution
		{44327895-E673-49FB-BC35-61DA2061C3CB}.Debug|x64.ActiveCfg = Debug|x64
		{44327895-E673-49FB-BC35-61DA2061C3CB}.Debug|x64.Build.0 = Debug|x64
		{44327895-E673-49FB-BC35-61DA2061C3CB}.Debug|x86.ActiveCfg = Debug|Win32
		{44327895-E673-49FB-BC35-61DA2061C3CB}.Debug|x86.Build.0 = Debug|Win32
		{44327895-E673-49FB-BC35-61DA2061C3CB}.Release|x64.ActiveCfg = Release|x64
		{44327895-E673-49FB-BC35-61DA2061C3CB}.Release|x64.Build.0 = Release|x64
		{44327895-E673-49FB-BC35-61DA2061C3CB}.Release|x86.ActiveCfg = Release|Win32
		{44327895-E673-49FB-BC35-61DA2061C3CB}.Release|x86.Build.0 = Release|Win32
	EndGlobalSection
	GlobalSection(SolutionProperties) = preSolution
		HideSolutionNode = FALSE
	EndGlobalSection
	GlobalSection(ExtensibilityGlobals) = postSolution
		SolutionGuid = {87A5127D-50D4-43D2-99FA-0C6C86D99D78}
	EndGlobalSection
EndGlobal
